<?xml version="1.0" encoding="utf-8"?>
<Project ToolsVersion="4.0" xmlns="http://schemas.microsoft.com/developer/msbuild/2003">
  <ItemGroup>
    <Filter Include="소스 파일">
      <UniqueIdentifier>{4FC737F1-C7A5-4376-A066-2A32D752A2FF}</UniqueIdentifier>
      <Extensions>cpp;c;cc;cxx;c++;cppm;ixx;def;odl;idl;hpj;bat;asm;asmx</Extensions>
    </Filter>
    <Filter Include="헤더 파일">
      <UniqueIdentifier>{93995380-89BD-4b04-88EB-625FBE52EBFB}</UniqueIdentifier>
      <Extensions>h;hh;hpp;hxx;h++;hm;inl;inc;ipp;xsd</Extensions>
    </Filter>
    <Filter Include="리소스 파일">
      <UniqueIdentifier>{67DA6AB6-F800-4c08-8B7A-83BB121AAD01}</UniqueIdentifier>
      <Extensions>rc;ico;cur;bmp;dlg;rc2;rct;bin;rgs;gif;jpg;jpeg;jpe;resx;tiff;tif;png;wav;mfcribbon-ms</Extensions>
    </Filter>
    <Filter Include="소스 파일\Basic">
      <UniqueIdentifier>{67512da3-d785-47ca-8f7d-d184674d1088}</UniqueIdentifier>
    </Filter>
    <Filter Include="소스 파일\Stack">
      <UniqueIdentifier>{cc3395ce-db7f-4d8c-a9b8-57169e160016}</UniqueIdentifier>
    </Filter>
    <Filter Include="소스 파일\DFS">
      <UniqueIdentifier>{4a8b23bf-fbe1-40d4-84d0-1d382370fb8e}</UniqueIdentifier>
    </Filter>
    <Filter Include="소스 파일\BaekSamsung">
      <UniqueIdentifier>{e6fab689-1c94-46f2-8fdc-183f038ade6f}</UniqueIdentifier>
    </Filter>
    <Filter Include="소스 파일\DP">
      <UniqueIdentifier>{aff05b1f-f5ca-4edc-8dc3-1432acbba2a8}</UniqueIdentifier>
    </Filter>
    <Filter Include="소스 파일\map">
      <UniqueIdentifier>{da5f94c7-e6d7-4b05-b7ac-ad777d5c999e}</UniqueIdentifier>
    </Filter>
  </ItemGroup>
  <ItemGroup>
    <ClCompile Include="Baek11720.cpp">
      <Filter>소스 파일\Basic</Filter>
    </ClCompile>
    <ClCompile Include="Baek28278.cpp">
      <Filter>소스 파일\Stack</Filter>
    </ClCompile>
    <ClCompile Include="stackMethod.cpp">
      <Filter>소스 파일\Stack</Filter>
    </ClCompile>
    <ClCompile Include="Baek10773.cpp">
      <Filter>소스 파일\Stack</Filter>
    </ClCompile>
    <ClCompile Include="Baek9012.cpp">
      <Filter>소스 파일\Stack</Filter>
    </ClCompile>
    <ClCompile Include="Baek1012.cpp">
      <Filter>소스 파일\DFS</Filter>
    </ClCompile>
    <ClCompile Include="Baek13458.cpp">
      <Filter>소스 파일\BaekSamsung</Filter>
    </ClCompile>
    <ClCompile Include="Baek2775.cpp">
      <Filter>소스 파일\DP</Filter>
    </ClCompile>
    <ClCompile Include="Baek2667.cpp">
      <Filter>소스 파일\DFS</Filter>
    </ClCompile>
    <ClCompile Include="Baek4949.cpp">
      <Filter>소스 파일\Stack</Filter>
    </ClCompile>
    <ClCompile Include="Baek12789.cpp">
      <Filter>소스 파일\Stack</Filter>
    </ClCompile>
    <ClCompile Include="Baek10026.cpp">
      <Filter>소스 파일\DFS</Filter>
    </ClCompile>
    <ClCompile Include="Baek1000.cpp">
      <Filter>소스 파일\Basic</Filter>
    </ClCompile>
    <ClCompile Include="Baek1001.cpp">
      <Filter>소스 파일\Basic</Filter>
    </ClCompile>
    <ClCompile Include="Baek2475.cpp">
      <Filter>소스 파일\Basic</Filter>
    </ClCompile>
    <ClCompile Include="Baek4963.cpp">
      <Filter>소스 파일\DFS</Filter>
    </ClCompile>
    <ClCompile Include="Baek31908.cpp">
      <Filter>소스 파일\map</Filter>
    </ClCompile>
    <ClCompile Include="Baek24479.cpp">
      <Filter>소스 파일\DFS</Filter>
    </ClCompile>
  </ItemGroup>
</Project>